
Microsoft Visual Studio Solution File, Format Version 12.00
# Visual Studio 14
VisualStudioVersion = 14.0.25420.1
MinimumVisualStudioVersion = 10.0.40219.1
Project("{2150E333-8FDC-42A3-9474-1A3956D46DE8}") = "Web", "Web", "{C92AE519-B58B-4F43-9620-3FCB321AD035}"
EndProject
Project("{FAE04EC0-301F-11D3-BF4B-00C04F79EFBC}") = "SHGY.Web", "SHGY.Web\SHGY.Web.csproj", "{84378A3A-2140-497D-AADD-FDE539E8C7E4}"
EndProject
Project("{2150E333-8FDC-42A3-9474-1A3956D46DE8}") = "Common", "Common", "{BF1F9757-F480-494A-B085-AFB46561B4E1}"
EndProject
Project("{2150E333-8FDC-42A3-9474-1A3956D46DE8}") = "Services", "Services", "{7D72D637-C5ED-4642-835A-29DB7996B10C}"
EndProject
Project("{2150E333-8FDC-42A3-9474-1A3956D46DE8}") = "Core", "Core", "{62FDCC50-097F-477A-A3C6-EB64CA4A93AB}"
EndProject
Project("{2150E333-8FDC-42A3-9474-1A3956D46DE8}") = "RoadFlow", "RoadFlow", "{036184A0-4D73-4BFF-99FC-DCBDCE7587BA}"
EndProject
Project("{E24C65DC-7377-472B-9ABA-BC803B73C61A}") = "RoadFlow-Publish-2.6", "RoadFlow-Publish-2.6\", "{941BA958-3EEB-4358-BF9A-FB919BA218D9}"
	ProjectSection(WebsiteProperties) = preProject
		TargetFrameworkMoniker = ".NETFramework,Version%3Dv4.0"
		Debug.AspNetCompiler.VirtualPath = "/localhost_39330"
		Debug.AspNetCompiler.PhysicalPath = "RoadFlow-Publish-2.6\"
		Debug.AspNetCompiler.TargetPath = "PrecompiledWeb\localhost_39330\"
		Debug.AspNetCompiler.Updateable = "true"
		Debug.AspNetCompiler.ForceOverwrite = "true"
		Debug.AspNetCompiler.FixedNames = "false"
		Debug.AspNetCompiler.Debug = "True"
		Release.AspNetCompiler.VirtualPath = "/localhost_39330"
		Release.AspNetCompiler.PhysicalPath = "RoadFlow-Publish-2.6\"
		Release.AspNetCompiler.TargetPath = "PrecompiledWeb\localhost_39330\"
		Release.AspNetCompiler.Updateable = "true"
		Release.AspNetCompiler.ForceOverwrite = "true"
		Release.AspNetCompiler.FixedNames = "false"
		Release.AspNetCompiler.Debug = "False"
		VWDPort = "39330"
		SlnRelativePath = "RoadFlow-Publish-2.6\"
	EndProjectSection
EndProject
Project("{2150E333-8FDC-42A3-9474-1A3956D46DE8}") = "WorkFlows", "WorkFlows", "{B208DF7D-F3BA-45BC-BCC2-00E923FC7D1E}"
EndProject
Project("{2150E333-8FDC-42A3-9474-1A3956D46DE8}") = "CCFlow", "CCFlow", "{8D4B94CD-684F-4867-8DBD-F710C462A340}"
EndProject
Project("{FAE04EC0-301F-11D3-BF4B-00C04F79EFBC}") = "Common.Log", "Common.Log\Common.Log.csproj", "{01924439-65B7-47ED-84A4-12A5FA97AB15}"
EndProject
Project("{FAE04EC0-301F-11D3-BF4B-00C04F79EFBC}") = "Common.Util", "Common.Util\Common.Util.csproj", "{CA7CA29B-B024-4CA0-8BD9-6EF3ACE2985C}"
EndProject
Project("{FAE04EC0-301F-11D3-BF4B-00C04F79EFBC}") = "Common.Extension", "Common.Extension\Common.Extension.csproj", "{98EB2247-555A-4C80-92CC-2FD17E20E566}"
EndProject
Project("{2150E333-8FDC-42A3-9474-1A3956D46DE8}") = "Framework", "Framework", "{014AC76C-8B87-4004-B62D-F8C428BA6577}"
EndProject
Project("{FAE04EC0-301F-11D3-BF4B-00C04F79EFBC}") = "App.Core", "App.Core\App.Core.csproj", "{F548CD4C-3805-43B9-BDA6-A8D442AE1384}"
EndProject
Project("{FAE04EC0-301F-11D3-BF4B-00C04F79EFBC}") = "SHGY.Services", "SHGY.Services\SHGY.Services.csproj", "{666E99BC-918F-467F-BE06-F98354A9544B}"
EndProject
Project("{FAE04EC0-301F-11D3-BF4B-00C04F79EFBC}") = "SHGY.Models", "SHGY.Models\SHGY.Models.csproj", "{9C554DC3-8136-42BD-9120-CB6471296E0E}"
EndProject
Project("{FAE04EC0-301F-11D3-BF4B-00C04F79EFBC}") = "SHGY.DataAccess", "SHGY.DataAccess\SHGY.DataAccess.csproj", "{643B0F1D-76D8-4459-89E8-72E0B3E3DF9A}"
EndProject
Global
	GlobalSection(SolutionConfigurationPlatforms) = preSolution
		Debug|Any CPU = Debug|Any CPU
		Release|Any CPU = Release|Any CPU
	EndGlobalSection
	GlobalSection(ProjectConfigurationPlatforms) = postSolution
		{84378A3A-2140-497D-AADD-FDE539E8C7E4}.Debug|Any CPU.ActiveCfg = Debug|Any CPU
		{84378A3A-2140-497D-AADD-FDE539E8C7E4}.Debug|Any CPU.Build.0 = Debug|Any CPU
		{84378A3A-2140-497D-AADD-FDE539E8C7E4}.Release|Any CPU.ActiveCfg = Release|Any CPU
		{84378A3A-2140-497D-AADD-FDE539E8C7E4}.Release|Any CPU.Build.0 = Release|Any CPU
		{941BA958-3EEB-4358-BF9A-FB919BA218D9}.Debug|Any CPU.ActiveCfg = Debug|Any CPU
		{941BA958-3EEB-4358-BF9A-FB919BA218D9}.Debug|Any CPU.Build.0 = Debug|Any CPU
		{941BA958-3EEB-4358-BF9A-FB919BA218D9}.Release|Any CPU.ActiveCfg = Debug|Any CPU
		{941BA958-3EEB-4358-BF9A-FB919BA218D9}.Release|Any CPU.Build.0 = Debug|Any CPU
		{01924439-65B7-47ED-84A4-12A5FA97AB15}.Debug|Any CPU.ActiveCfg = Debug|Any CPU
		{01924439-65B7-47ED-84A4-12A5FA97AB15}.Debug|Any CPU.Build.0 = Debug|Any CPU
		{01924439-65B7-47ED-84A4-12A5FA97AB15}.Release|Any CPU.ActiveCfg = Release|Any CPU
		{01924439-65B7-47ED-84A4-12A5FA97AB15}.Release|Any CPU.Build.0 = Release|Any CPU
		{CA7CA29B-B024-4CA0-8BD9-6EF3ACE2985C}.Debug|Any CPU.ActiveCfg = Debug|Any CPU
		{CA7CA29B-B024-4CA0-8BD9-6EF3ACE2985C}.Debug|Any CPU.Build.0 = Debug|Any CPU
		{CA7CA29B-B024-4CA0-8BD9-6EF3ACE2985C}.Release|Any CPU.ActiveCfg = Release|Any CPU
		{CA7CA29B-B024-4CA0-8BD9-6EF3ACE2985C}.Release|Any CPU.Build.0 = Release|Any CPU
		{98EB2247-555A-4C80-92CC-2FD17E20E566}.Debug|Any CPU.ActiveCfg = Debug|Any CPU
		{98EB2247-555A-4C80-92CC-2FD17E20E566}.Debug|Any CPU.Build.0 = Debug|Any CPU
		{98EB2247-555A-4C80-92CC-2FD17E20E566}.Release|Any CPU.ActiveCfg = Release|Any CPU
		{98EB2247-555A-4C80-92CC-2FD17E20E566}.Release|Any CPU.Build.0 = Release|Any CPU
		{F548CD4C-3805-43B9-BDA6-A8D442AE1384}.Debug|Any CPU.ActiveCfg = Debug|Any CPU
		{F548CD4C-3805-43B9-BDA6-A8D442AE1384}.Debug|Any CPU.Build.0 = Debug|Any CPU
		{F548CD4C-3805-43B9-BDA6-A8D442AE1384}.Release|Any CPU.ActiveCfg = Release|Any CPU
		{F548CD4C-3805-43B9-BDA6-A8D442AE1384}.Release|Any CPU.Build.0 = Release|Any CPU
		{666E99BC-918F-467F-BE06-F98354A9544B}.Debug|Any CPU.ActiveCfg = Debug|Any CPU
		{666E99BC-918F-467F-BE06-F98354A9544B}.Debug|Any CPU.Build.0 = Debug|Any CPU
		{666E99BC-918F-467F-BE06-F98354A9544B}.Release|Any CPU.ActiveCfg = Release|Any CPU
		{666E99BC-918F-467F-BE06-F98354A9544B}.Release|Any CPU.Build.0 = Release|Any CPU
		{9C554DC3-8136-42BD-9120-CB6471296E0E}.Debug|Any CPU.ActiveCfg = Debug|Any CPU
		{9C554DC3-8136-42BD-9120-CB6471296E0E}.Debug|Any CPU.Build.0 = Debug|Any CPU
		{9C554DC3-8136-42BD-9120-CB6471296E0E}.Release|Any CPU.ActiveCfg = Release|Any CPU
		{9C554DC3-8136-42BD-9120-CB6471296E0E}.Release|Any CPU.Build.0 = Release|Any CPU
		{643B0F1D-76D8-4459-89E8-72E0B3E3DF9A}.Debug|Any CPU.ActiveCfg = Debug|Any CPU
		{643B0F1D-76D8-4459-89E8-72E0B3E3DF9A}.Debug|Any CPU.Build.0 = Debug|Any CPU
		{643B0F1D-76D8-4459-89E8-72E0B3E3DF9A}.Release|Any CPU.ActiveCfg = Release|Any CPU
		{643B0F1D-76D8-4459-89E8-72E0B3E3DF9A}.Release|Any CPU.Build.0 = Release|Any CPU
	EndGlobalSection
	GlobalSection(SolutionProperties) = preSolution
		HideSolutionNode = FALSE
	EndGlobalSection
	GlobalSection(NestedProjects) = preSolution
		{84378A3A-2140-497D-AADD-FDE539E8C7E4} = {C92AE519-B58B-4F43-9620-3FCB321AD035}
		{036184A0-4D73-4BFF-99FC-DCBDCE7587BA} = {B208DF7D-F3BA-45BC-BCC2-00E923FC7D1E}
		{941BA958-3EEB-4358-BF9A-FB919BA218D9} = {036184A0-4D73-4BFF-99FC-DCBDCE7587BA}
		{8D4B94CD-684F-4867-8DBD-F710C462A340} = {B208DF7D-F3BA-45BC-BCC2-00E923FC7D1E}
		{01924439-65B7-47ED-84A4-12A5FA97AB15} = {BF1F9757-F480-494A-B085-AFB46561B4E1}
		{CA7CA29B-B024-4CA0-8BD9-6EF3ACE2985C} = {BF1F9757-F480-494A-B085-AFB46561B4E1}
		{98EB2247-555A-4C80-92CC-2FD17E20E566} = {BF1F9757-F480-494A-B085-AFB46561B4E1}
		{F548CD4C-3805-43B9-BDA6-A8D442AE1384} = {62FDCC50-097F-477A-A3C6-EB64CA4A93AB}
		{666E99BC-918F-467F-BE06-F98354A9544B} = {7D72D637-C5ED-4642-835A-29DB7996B10C}
		{9C554DC3-8136-42BD-9120-CB6471296E0E} = {7D72D637-C5ED-4642-835A-29DB7996B10C}
		{643B0F1D-76D8-4459-89E8-72E0B3E3DF9A} = {7D72D637-C5ED-4642-835A-29DB7996B10C}
	EndGlobalSection
EndGlobal
